
Microsoft Visual Studio Solution File, Format Version 12.00
# Visual Studio 2012
Project("{FAE04EC0-301F-11D3-BF4B-00C04F79EFBC}") = "AZTBCPlayerExtract", "AZTBCPlayerExtract\AZTBCPlayerExtract.csproj", "{3FE56CC6-0F67-469D-B67D-F1C2C343AADD}"
EndProject
Global
	GlobalSection(SolutionConfigurationPlatforms) = preSolution
		Debug|Any CPU = Debug|Any CPU
		Release|Any CPU = Release|Any CPU
	EndGlobalSection
	GlobalSection(ProjectConfigurationPlatforms) = postSolution
		{3FE56CC6-0F67-469D-B67D-F1C2C343AADD}.Debug|Any CPU.ActiveCfg = Debug|Any CPU
		{3FE56CC6-0F67-469D-B67D-F1C2C343AADD}.Debug|Any CPU.Build.0 = Debug|Any CPU
		{3FE56CC6-0F67-469D-B67D-F1C2C343AADD}.Release|Any CPU.ActiveCfg = Release|Any CPU
		{3FE56CC6-0F67-469D-B67D-F1C2C343AADD}.Release|Any CPU.Build.0 = Release|Any CPU
	EndGlobalSection
	GlobalSection(SolutionProperties) = preSolution
		HideSolutionNode = FALSE
	EndGlobalSection
	GlobalSection(ExtensibilityGlobals) = postSolution
		VisualSVNWorkingCopyRoot = .
	EndGlobalSection
EndGlobal
